
Microsoft Visual Studio Solution File, Format Version 12.00
# Visual Studio 15
VisualStudioVersion = 15.0.28307.489
MinimumVisualStudioVersion = 10.0.40219.1
Project("{FAE04EC0-301F-11D3-BF4B-00C04F79EFBC}") = "Players", "Players\Players.csproj", "{6063E9D6-77AF-46A8-9A4E-B5A194519C92}"
EndProject
Global
	GlobalSection(SolutionConfigurationPlatforms) = preSolution
		Debug|Any CPU = Debug|Any CPU
		Release|Any CPU = Release|Any CPU
	EndGlobalSection
	GlobalSection(ProjectConfigurationPlatforms) = postSolution
		{6063E9D6-77AF-46A8-9A4E-B5A194519C92}.Debug|Any CPU.ActiveCfg = Debug|Any CPU
		{6063E9D6-77AF-46A8-9A4E-B5A194519C92}.Debug|Any CPU.Build.0 = Debug|Any CPU
		{6063E9D6-77AF-46A8-9A4E-B5A194519C92}.Release|Any CPU.ActiveCfg = Release|Any CPU
		{6063E9D6-77AF-46A8-9A4E-B5A194519C92}.Release|Any CPU.Build.0 = Release|Any CPU
	EndGlobalSection
	GlobalSection(SolutionProperties) = preSolution
		HideSolutionNode = FALSE
	EndGlobalSection
	GlobalSection(ExtensibilityGlobals) = postSolution
		SolutionGuid = {80D34C6F-2D72-4563-BB1D-F2E7C16ABC33}
	EndGlobalSection
EndGlobal
